{
    "_readme": [
        "This file locks the dependencies of your project to a known state",
        "Read more about it at https://getcomposer.org/doc/01-basic-usage.md#installing-dependencies",
        "This file is @generated automatically"
    ],
    "content-hash": "a1b75d8fb6629c489eed96771ef51e62",
    "packages": [
        {
            "name": "stefangabos/zebra_image",
            "version": "2.7.0",
            "source": {
                "type": "git",
                "url": "https://github.com/stefangabos/Zebra_Image.git",
                "reference": "5be437d7f18c0a94bf1a3a8650eba9f1af1b57f4"
            },
            "dist": {
                "type": "zip",
                "url": "https://api.github.com/repos/stefangabos/Zebra_Image/zipball/5be437d7f18c0a94bf1a3a8650eba9f1af1b57f4",
                "reference": "5be437d7f18c0a94bf1a3a8650eba9f1af1b57f4",
                "shasum": ""
            },
            "require": {
                "php": ">=5.0.0"
            },
            "type": "library",
            "autoload": {
                "classmap": [
                    "Zebra_Image.php"
                ]
            },
            "notification-url": "https://packagist.org/downloads/",
            "license": [
                "LGPL-3.0"
            ],
            "authors": [
                {
                    "name": "Stefan Gabos",
                    "email": "contact@stefangabos.ro",
                    "homepage": "https://github.com/stefangabos/",
                    "role": "Developer"
                }
            ],
            "description": "A compact (one-file only), lightweight, image manipulation PHP library",
            "homepage": "https://github.com/stefangabos/Zebra_Image/",
            "keywords": [
                "crop",
                "filters",
                "gd",
                "image",
                "php",
                "resize",
                "thumbnail"
            ],
            "support": {
                "issues": "https://github.com/stefangabos/Zebra_Image/issues",
                "source": "https://github.com/stefangabos/Zebra_Image/tree/2.7.0"
            },
            "funding": [
                {
                    "url": "https://github.com/stefangabos",
                    "type": "github"
                }
            ],
            "time": "2022-05-29T19:37:49+00:00"
        }
    ],
    "packages-dev": [],
    "aliases": [],
    "minimum-stability": "stable",
    "stability-flags": [],
    "prefer-stable": false,
    "prefer-lowest": false,
    "platform": {
        "php": "^7.3 || ^8.0",
        "ext-exif": "*",
        "ext-mbstring": "*"
    },
    "platform-dev": [],
    "platform-overrides": {
        "php": "7.3.0"
    },
    "plugin-api-version": "2.2.0"
}
